
Microsoft Visual Studio Solution File, Format Version 12.00
# Visual Studio Version 16
VisualStudioVersion = 16.0.31005.135
MinimumVisualStudioVersion = 10.0.40219.1
Project("{FAE04EC0-301F-11D3-BF4B-00C04F79EFBC}") = "StandBy", "StandBy.csproj", "{0AE51168-75D1-41D9-A7F1-6FE6E6B889D3}"
EndProject
Project("{2150E333-8FDC-42A3-9474-1A3956D46DE8}") = "1- Application", "1- Application", "{5B0AB943-D30C-43D7-98F9-3696A59C37FE}"
EndProject
Project("{2150E333-8FDC-42A3-9474-1A3956D46DE8}") = "2 - Domain", "2 - Domain", "{AD58B609-96E0-4E7D-B20C-ADF00973EBB9}"
EndProject
Project("{2150E333-8FDC-42A3-9474-1A3956D46DE8}") = "3- Services", "3- Services", "{C74BE2F5-0675-4CC5-B934-36EFCB7E2664}"
EndProject
Project("{2150E333-8FDC-42A3-9474-1A3956D46DE8}") = "4- Infra", "4- Infra", "{1563BC4A-E30B-421A-8BA3-71ACFF2BFB07}"
EndProject
Project("{2150E333-8FDC-42A3-9474-1A3956D46DE8}") = "4.1- Data", "4.1- Data", "{2AB443AA-2F6C-4D0D-AABB-89012C507F62}"
EndProject
Project("{2150E333-8FDC-42A3-9474-1A3956D46DE8}") = "4.2- CrossCutting", "4.2- CrossCutting", "{C5A8E7FA-D8FF-407E-8574-4A65EB47CC14}"
EndProject
Project("{2150E333-8FDC-42A3-9474-1A3956D46DE8}") = "Helper", "Helper", "{BE140195-E299-417C-BF3A-6B1CB6402C57}"
	ProjectSection(SolutionItems) = preProject
		Sobre.txt = Sobre.txt
	EndProjectSection
EndProject
Project("{FAE04EC0-301F-11D3-BF4B-00C04F79EFBC}") = "Domain", "..\Domain\Domain.csproj", "{85F56D67-CD4E-43AF-867F-6BB1A085FD83}"
EndProject
Project("{FAE04EC0-301F-11D3-BF4B-00C04F79EFBC}") = "Services", "..\Servicos\Services.csproj", "{7EB0DFDC-CC9C-4C7E-8AC7-145973DBA0E8}"
EndProject
Project("{FAE04EC0-301F-11D3-BF4B-00C04F79EFBC}") = "Data", "..\Data\Data.csproj", "{AFF5A253-2E9E-483C-AC3E-6C8D1F40E592}"
EndProject
Project("{FAE04EC0-301F-11D3-BF4B-00C04F79EFBC}") = "CrossCutting", "..\CrossCutting\CrossCutting.csproj", "{AFADE273-3C6C-4E06-86BD-B765582E2A25}"
EndProject
Global
	GlobalSection(SolutionConfigurationPlatforms) = preSolution
		Debug|Any CPU = Debug|Any CPU
		Release|Any CPU = Release|Any CPU
	EndGlobalSection
	GlobalSection(ProjectConfigurationPlatforms) = postSolution
		{0AE51168-75D1-41D9-A7F1-6FE6E6B889D3}.Debug|Any CPU.ActiveCfg = Debug|Any CPU
		{0AE51168-75D1-41D9-A7F1-6FE6E6B889D3}.Debug|Any CPU.Build.0 = Debug|Any CPU
		{0AE51168-75D1-41D9-A7F1-6FE6E6B889D3}.Release|Any CPU.ActiveCfg = Release|Any CPU
		{0AE51168-75D1-41D9-A7F1-6FE6E6B889D3}.Release|Any CPU.Build.0 = Release|Any CPU
		{85F56D67-CD4E-43AF-867F-6BB1A085FD83}.Debug|Any CPU.ActiveCfg = Debug|Any CPU
		{85F56D67-CD4E-43AF-867F-6BB1A085FD83}.Debug|Any CPU.Build.0 = Debug|Any CPU
		{85F56D67-CD4E-43AF-867F-6BB1A085FD83}.Release|Any CPU.ActiveCfg = Release|Any CPU
		{85F56D67-CD4E-43AF-867F-6BB1A085FD83}.Release|Any CPU.Build.0 = Release|Any CPU
		{7EB0DFDC-CC9C-4C7E-8AC7-145973DBA0E8}.Debug|Any CPU.ActiveCfg = Debug|Any CPU
		{7EB0DFDC-CC9C-4C7E-8AC7-145973DBA0E8}.Debug|Any CPU.Build.0 = Debug|Any CPU
		{7EB0DFDC-CC9C-4C7E-8AC7-145973DBA0E8}.Release|Any CPU.ActiveCfg = Release|Any CPU
		{7EB0DFDC-CC9C-4C7E-8AC7-145973DBA0E8}.Release|Any CPU.Build.0 = Release|Any CPU
		{AFF5A253-2E9E-483C-AC3E-6C8D1F40E592}.Debug|Any CPU.ActiveCfg = Debug|Any CPU
		{AFF5A253-2E9E-483C-AC3E-6C8D1F40E592}.Debug|Any CPU.Build.0 = Debug|Any CPU
		{AFF5A253-2E9E-483C-AC3E-6C8D1F40E592}.Release|Any CPU.ActiveCfg = Release|Any CPU
		{AFF5A253-2E9E-483C-AC3E-6C8D1F40E592}.Release|Any CPU.Build.0 = Release|Any CPU
		{AFADE273-3C6C-4E06-86BD-B765582E2A25}.Debug|Any CPU.ActiveCfg = Debug|Any CPU
		{AFADE273-3C6C-4E06-86BD-B765582E2A25}.Debug|Any CPU.Build.0 = Debug|Any CPU
		{AFADE273-3C6C-4E06-86BD-B765582E2A25}.Release|Any CPU.ActiveCfg = Release|Any CPU
		{AFADE273-3C6C-4E06-86BD-B765582E2A25}.Release|Any CPU.Build.0 = Release|Any CPU
	EndGlobalSection
	GlobalSection(SolutionProperties) = preSolution
		HideSolutionNode = FALSE
	EndGlobalSection
	GlobalSection(NestedProjects) = preSolution
		{0AE51168-75D1-41D9-A7F1-6FE6E6B889D3} = {5B0AB943-D30C-43D7-98F9-3696A59C37FE}
		{2AB443AA-2F6C-4D0D-AABB-89012C507F62} = {1563BC4A-E30B-421A-8BA3-71ACFF2BFB07}
		{C5A8E7FA-D8FF-407E-8574-4A65EB47CC14} = {1563BC4A-E30B-421A-8BA3-71ACFF2BFB07}
		{85F56D67-CD4E-43AF-867F-6BB1A085FD83} = {AD58B609-96E0-4E7D-B20C-ADF00973EBB9}
		{7EB0DFDC-CC9C-4C7E-8AC7-145973DBA0E8} = {C74BE2F5-0675-4CC5-B934-36EFCB7E2664}
		{AFF5A253-2E9E-483C-AC3E-6C8D1F40E592} = {2AB443AA-2F6C-4D0D-AABB-89012C507F62}
		{AFADE273-3C6C-4E06-86BD-B765582E2A25} = {C5A8E7FA-D8FF-407E-8574-4A65EB47CC14}
	EndGlobalSection
	GlobalSection(ExtensibilityGlobals) = postSolution
		SolutionGuid = {92BFC985-BEC2-48F7-9F5E-7BCC4CC03E43}
	EndGlobalSection
EndGlobal
